
Microsoft Visual Studio Solution File, Format Version 12.00
# Visual Studio Version 16
VisualStudioVersion = 16.0.31321.278
MinimumVisualStudioVersion = 10.0.40219.1
Project("{FAE04EC0-301F-11D3-BF4B-00C04F79EFBC}") = "FedTimeKeeper.Android", "FedTimeKeeper\FedTimeKeeper.Android\FedTimeKeeper.Android.csproj", "{E9AEE890-E0BA-4F40-86C1-FE46DE90CB83}"
EndProject
Project("{9A19103F-16F7-4668-BE54-9A1E7A4F7556}") = "FedTimeKeeper", "FedTimeKeeper\FedTimeKeeper\FedTimeKeeper.csproj", "{6FE70B1C-A7E1-4970-A1B0-CA4BE52D795E}"
EndProject
Global
	GlobalSection(SolutionConfigurationPlatforms) = preSolution
		Debug|Any CPU = Debug|Any CPU
		Release|Any CPU = Release|Any CPU
	EndGlobalSection
	GlobalSection(ProjectConfigurationPlatforms) = postSolution
		{E9AEE890-E0BA-4F40-86C1-FE46DE90CB83}.Debug|Any CPU.ActiveCfg = Debug|Any CPU
		{E9AEE890-E0BA-4F40-86C1-FE46DE90CB83}.Debug|Any CPU.Build.0 = Debug|Any CPU
		{E9AEE890-E0BA-4F40-86C1-FE46DE90CB83}.Debug|Any CPU.Deploy.0 = Debug|Any CPU
		{E9AEE890-E0BA-4F40-86C1-FE46DE90CB83}.Release|Any CPU.ActiveCfg = Release|Any CPU
		{E9AEE890-E0BA-4F40-86C1-FE46DE90CB83}.Release|Any CPU.Build.0 = Release|Any CPU
		{E9AEE890-E0BA-4F40-86C1-FE46DE90CB83}.Release|Any CPU.Deploy.0 = Release|Any CPU
		{6FE70B1C-A7E1-4970-A1B0-CA4BE52D795E}.Debug|Any CPU.ActiveCfg = Debug|Any CPU
		{6FE70B1C-A7E1-4970-A1B0-CA4BE52D795E}.Debug|Any CPU.Build.0 = Debug|Any CPU
		{6FE70B1C-A7E1-4970-A1B0-CA4BE52D795E}.Debug|Any CPU.Deploy.0 = Debug|Any CPU
		{6FE70B1C-A7E1-4970-A1B0-CA4BE52D795E}.Release|Any CPU.ActiveCfg = Release|Any CPU
		{6FE70B1C-A7E1-4970-A1B0-CA4BE52D795E}.Release|Any CPU.Build.0 = Release|Any CPU
		{6FE70B1C-A7E1-4970-A1B0-CA4BE52D795E}.Release|Any CPU.Deploy.0 = Release|Any CPU
	EndGlobalSection
	GlobalSection(SolutionProperties) = preSolution
		HideSolutionNode = FALSE
	EndGlobalSection
	GlobalSection(ExtensibilityGlobals) = postSolution
		SolutionGuid = {CEA73651-2824-4E26-89F7-40A663572B92}
	EndGlobalSection
EndGlobal
